
Microsoft Visual Studio Solution File, Format Version 12.00
# Visual Studio Version 17
VisualStudioVersion = 17.5.002.0
MinimumVisualStudioVersion = 10.0.40219.1
Project("{9A19103F-16F7-4668-BE54-9A1E7A4F7556}") = "Starter", "Starter.csproj", "{FE33F269-D60D-456C-8963-711EE586648D}"
EndProject
Global
	GlobalSection(SolutionConfigurationPlatforms) = preSolution
		Debug|Any CPU = Debug|Any CPU
		Release|Any CPU = Release|Any CPU
	EndGlobalSection
	GlobalSection(ProjectConfigurationPlatforms) = postSolution
		{FE33F269-D60D-456C-8963-711EE586648D}.Debug|Any CPU.ActiveCfg = Debug|Any CPU
		{FE33F269-D60D-456C-8963-711EE586648D}.Debug|Any CPU.Build.0 = Debug|Any CPU
		{FE33F269-D60D-456C-8963-711EE586648D}.Release|Any CPU.ActiveCfg = Release|Any CPU
		{FE33F269-D60D-456C-8963-711EE586648D}.Release|Any CPU.Build.0 = Release|Any CPU
	EndGlobalSection
	GlobalSection(SolutionProperties) = preSolution
		HideSolutionNode = FALSE
	EndGlobalSection
	GlobalSection(ExtensibilityGlobals) = postSolution
		SolutionGuid = {8982AB38-AB5D-4137-A660-CD2EB76B0434}
	EndGlobalSection
EndGlobal
