
Microsoft Visual Studio Solution File, Format Version 12.00
# Visual Studio Version 17
VisualStudioVersion = 17.5.002.0
MinimumVisualStudioVersion = 10.0.40219.1
Project("{9A19103F-16F7-4668-BE54-9A1E7A4F7556}") = "methodCalls", "methodCalls.csproj", "{BD540C21-FA28-412D-9AFA-8E62695AD398}"
EndProject
Project("{FAE04EC0-301F-11D3-BF4B-00C04F79EFBC}") = "Arrays and ForEach", "..\Arrays and ForEach\Arrays and ForEach.csproj", "{83268B09-B27F-4E9E-8DDE-12C60836996F}"
EndProject
Global
	GlobalSection(SolutionConfigurationPlatforms) = preSolution
		Debug|Any CPU = Debug|Any CPU
		Release|Any CPU = Release|Any CPU
	EndGlobalSection
	GlobalSection(ProjectConfigurationPlatforms) = postSolution
		{BD540C21-FA28-412D-9AFA-8E62695AD398}.Debug|Any CPU.ActiveCfg = Debug|Any CPU
		{BD540C21-FA28-412D-9AFA-8E62695AD398}.Debug|Any CPU.Build.0 = Debug|Any CPU
		{BD540C21-FA28-412D-9AFA-8E62695AD398}.Release|Any CPU.ActiveCfg = Release|Any CPU
		{BD540C21-FA28-412D-9AFA-8E62695AD398}.Release|Any CPU.Build.0 = Release|Any CPU
		{83268B09-B27F-4E9E-8DDE-12C60836996F}.Debug|Any CPU.ActiveCfg = Debug|Any CPU
		{83268B09-B27F-4E9E-8DDE-12C60836996F}.Debug|Any CPU.Build.0 = Debug|Any CPU
		{83268B09-B27F-4E9E-8DDE-12C60836996F}.Release|Any CPU.ActiveCfg = Release|Any CPU
		{83268B09-B27F-4E9E-8DDE-12C60836996F}.Release|Any CPU.Build.0 = Release|Any CPU
	EndGlobalSection
	GlobalSection(SolutionProperties) = preSolution
		HideSolutionNode = FALSE
	EndGlobalSection
	GlobalSection(ExtensibilityGlobals) = postSolution
		SolutionGuid = {2286D571-4C74-494F-B881-99C9871C3322}
	EndGlobalSection
EndGlobal
