
Microsoft Visual Studio Solution File, Format Version 12.00
# Visual Studio Version 17
VisualStudioVersion = 17.5.002.0
MinimumVisualStudioVersion = 10.0.40219.1
Project("{9A19103F-16F7-4668-BE54-9A1E7A4F7556}") = "calculateFinalGPA", "calculateFinalGPA.csproj", "{22ED4C28-2469-4DE9-A830-AC1721707899}"
EndProject
Project("{FAE04EC0-301F-11D3-BF4B-00C04F79EFBC}") = "methodCalls", "..\methodCalls\methodCalls.csproj", "{AF502594-E1D8-4511-B272-6471D5540F2F}"
EndProject
Global
	GlobalSection(SolutionConfigurationPlatforms) = preSolution
		Debug|Any CPU = Debug|Any CPU
		Release|Any CPU = Release|Any CPU
	EndGlobalSection
	GlobalSection(ProjectConfigurationPlatforms) = postSolution
		{22ED4C28-2469-4DE9-A830-AC1721707899}.Debug|Any CPU.ActiveCfg = Debug|Any CPU
		{22ED4C28-2469-4DE9-A830-AC1721707899}.Debug|Any CPU.Build.0 = Debug|Any CPU
		{22ED4C28-2469-4DE9-A830-AC1721707899}.Release|Any CPU.ActiveCfg = Release|Any CPU
		{22ED4C28-2469-4DE9-A830-AC1721707899}.Release|Any CPU.Build.0 = Release|Any CPU
		{AF502594-E1D8-4511-B272-6471D5540F2F}.Debug|Any CPU.ActiveCfg = Debug|Any CPU
		{AF502594-E1D8-4511-B272-6471D5540F2F}.Debug|Any CPU.Build.0 = Debug|Any CPU
		{AF502594-E1D8-4511-B272-6471D5540F2F}.Release|Any CPU.ActiveCfg = Release|Any CPU
		{AF502594-E1D8-4511-B272-6471D5540F2F}.Release|Any CPU.Build.0 = Release|Any CPU
	EndGlobalSection
	GlobalSection(SolutionProperties) = preSolution
		HideSolutionNode = FALSE
	EndGlobalSection
	GlobalSection(ExtensibilityGlobals) = postSolution
		SolutionGuid = {0C907B11-F6EE-4EEE-9993-B09C8B53A28E}
	EndGlobalSection
EndGlobal
